
Microsoft Visual Studio Solution File, Format Version 12.00
# Visual Studio Version 16
VisualStudioVersion = 16.0.29326.143
MinimumVisualStudioVersion = 10.0.40219.1
Project("{9A19103F-16F7-4668-BE54-9A1E7A4F7556}") = "CB.System", "CB.System\CB.System.csproj", "{4C90E145-DF00-4468-A845-E93E8D9262A7}"
EndProject
Project("{FAE04EC0-301F-11D3-BF4B-00C04F79EFBC}") = "CB.SystemTests", "CB.SystemTests\CB.SystemTests.csproj", "{0299F786-B852-470C-9391-011258896B34}"
EndProject
Project("{9A19103F-16F7-4668-BE54-9A1E7A4F7556}") = "CB.System.Net", "CB.System.Net\CB.System.Net.csproj", "{8DA8A189-DB3F-488B-ADDE-9B4534CFE8B3}"
EndProject
Project("{FAE04EC0-301F-11D3-BF4B-00C04F79EFBC}") = "CB.System.NetTests", "CB.System.NetTests\CB.System.NetTests.csproj", "{DF33A66F-59E9-4A41-8859-1311253E119C}"
EndProject
Project("{9A19103F-16F7-4668-BE54-9A1E7A4F7556}") = "CB.System.Runtime.Serialization", "CB.System.Runtime.Serialization\CB.System.Runtime.Serialization.csproj", "{E555B11B-B993-4211-9289-B4D8E25F7EB8}"
EndProject
Project("{9A19103F-16F7-4668-BE54-9A1E7A4F7556}") = "CB.WPF", "CB.WPF\CB.WPF.csproj", "{0F69A569-3911-4E04-BFB8-573EB45789DF}"
EndProject
Project("{9A19103F-16F7-4668-BE54-9A1E7A4F7556}") = "CB.Win32", "CB.Win32\CB.Win32.csproj", "{5340598E-2C9C-4AE0-BCD7-3459DF9C51C8}"
EndProject
Project("{9A19103F-16F7-4668-BE54-9A1E7A4F7556}") = "CB.Win32.Standard", "CB.Win32\CB.Win32.Standard.csproj", "{BBCF6962-5E1B-4605-A8DB-EC6CB310906F}"
EndProject
Global
	GlobalSection(SolutionConfigurationPlatforms) = preSolution
		Debug|Any CPU = Debug|Any CPU
		Debug|x64 = Debug|x64
		Release|Any CPU = Release|Any CPU
		Release|x64 = Release|x64
	EndGlobalSection
	GlobalSection(ProjectConfigurationPlatforms) = postSolution
		{4C90E145-DF00-4468-A845-E93E8D9262A7}.Debug|Any CPU.ActiveCfg = Debug|Any CPU
		{4C90E145-DF00-4468-A845-E93E8D9262A7}.Debug|Any CPU.Build.0 = Debug|Any CPU
		{4C90E145-DF00-4468-A845-E93E8D9262A7}.Debug|x64.ActiveCfg = Debug|Any CPU
		{4C90E145-DF00-4468-A845-E93E8D9262A7}.Debug|x64.Build.0 = Debug|Any CPU
		{4C90E145-DF00-4468-A845-E93E8D9262A7}.Release|Any CPU.ActiveCfg = Release|Any CPU
		{4C90E145-DF00-4468-A845-E93E8D9262A7}.Release|Any CPU.Build.0 = Release|Any CPU
		{4C90E145-DF00-4468-A845-E93E8D9262A7}.Release|x64.ActiveCfg = Release|Any CPU
		{4C90E145-DF00-4468-A845-E93E8D9262A7}.Release|x64.Build.0 = Release|Any CPU
		{0299F786-B852-470C-9391-011258896B34}.Debug|Any CPU.ActiveCfg = Debug|Any CPU
		{0299F786-B852-470C-9391-011258896B34}.Debug|Any CPU.Build.0 = Debug|Any CPU
		{0299F786-B852-470C-9391-011258896B34}.Debug|x64.ActiveCfg = Debug|x64
		{0299F786-B852-470C-9391-011258896B34}.Debug|x64.Build.0 = Debug|x64
		{0299F786-B852-470C-9391-011258896B34}.Release|Any CPU.ActiveCfg = Release|Any CPU
		{0299F786-B852-470C-9391-011258896B34}.Release|Any CPU.Build.0 = Release|Any CPU
		{0299F786-B852-470C-9391-011258896B34}.Release|x64.ActiveCfg = Release|x64
		{0299F786-B852-470C-9391-011258896B34}.Release|x64.Build.0 = Release|x64
		{8DA8A189-DB3F-488B-ADDE-9B4534CFE8B3}.Debug|Any CPU.ActiveCfg = Debug|Any CPU
		{8DA8A189-DB3F-488B-ADDE-9B4534CFE8B3}.Debug|Any CPU.Build.0 = Debug|Any CPU
		{8DA8A189-DB3F-488B-ADDE-9B4534CFE8B3}.Debug|x64.ActiveCfg = Debug|Any CPU
		{8DA8A189-DB3F-488B-ADDE-9B4534CFE8B3}.Debug|x64.Build.0 = Debug|Any CPU
		{8DA8A189-DB3F-488B-ADDE-9B4534CFE8B3}.Release|Any CPU.ActiveCfg = Release|Any CPU
		{8DA8A189-DB3F-488B-ADDE-9B4534CFE8B3}.Release|Any CPU.Build.0 = Release|Any CPU
		{8DA8A189-DB3F-488B-ADDE-9B4534CFE8B3}.Release|x64.ActiveCfg = Release|Any CPU
		{8DA8A189-DB3F-488B-ADDE-9B4534CFE8B3}.Release|x64.Build.0 = Release|Any CPU
		{DF33A66F-59E9-4A41-8859-1311253E119C}.Debug|Any CPU.ActiveCfg = Debug|Any CPU
		{DF33A66F-59E9-4A41-8859-1311253E119C}.Debug|Any CPU.Build.0 = Debug|Any CPU
		{DF33A66F-59E9-4A41-8859-1311253E119C}.Debug|x64.ActiveCfg = Debug|Any CPU
		{DF33A66F-59E9-4A41-8859-1311253E119C}.Debug|x64.Build.0 = Debug|Any CPU
		{DF33A66F-59E9-4A41-8859-1311253E119C}.Release|Any CPU.ActiveCfg = Release|Any CPU
		{DF33A66F-59E9-4A41-8859-1311253E119C}.Release|Any CPU.Build.0 = Release|Any CPU
		{DF33A66F-59E9-4A41-8859-1311253E119C}.Release|x64.ActiveCfg = Release|Any CPU
		{DF33A66F-59E9-4A41-8859-1311253E119C}.Release|x64.Build.0 = Release|Any CPU
		{E555B11B-B993-4211-9289-B4D8E25F7EB8}.Debug|Any CPU.ActiveCfg = Debug|Any CPU
		{E555B11B-B993-4211-9289-B4D8E25F7EB8}.Debug|Any CPU.Build.0 = Debug|Any CPU
		{E555B11B-B993-4211-9289-B4D8E25F7EB8}.Debug|x64.ActiveCfg = Debug|Any CPU
		{E555B11B-B993-4211-9289-B4D8E25F7EB8}.Debug|x64.Build.0 = Debug|Any CPU
		{E555B11B-B993-4211-9289-B4D8E25F7EB8}.Release|Any CPU.ActiveCfg = Release|Any CPU
		{E555B11B-B993-4211-9289-B4D8E25F7EB8}.Release|Any CPU.Build.0 = Release|Any CPU
		{E555B11B-B993-4211-9289-B4D8E25F7EB8}.Release|x64.ActiveCfg = Release|Any CPU
		{E555B11B-B993-4211-9289-B4D8E25F7EB8}.Release|x64.Build.0 = Release|Any CPU
		{0F69A569-3911-4E04-BFB8-573EB45789DF}.Debug|Any CPU.ActiveCfg = Debug|Any CPU
		{0F69A569-3911-4E04-BFB8-573EB45789DF}.Debug|Any CPU.Build.0 = Debug|Any CPU
		{0F69A569-3911-4E04-BFB8-573EB45789DF}.Debug|x64.ActiveCfg = Debug|Any CPU
		{0F69A569-3911-4E04-BFB8-573EB45789DF}.Debug|x64.Build.0 = Debug|Any CPU
		{0F69A569-3911-4E04-BFB8-573EB45789DF}.Release|Any CPU.ActiveCfg = Release|Any CPU
		{0F69A569-3911-4E04-BFB8-573EB45789DF}.Release|Any CPU.Build.0 = Release|Any CPU
		{0F69A569-3911-4E04-BFB8-573EB45789DF}.Release|x64.ActiveCfg = Release|Any CPU
		{0F69A569-3911-4E04-BFB8-573EB45789DF}.Release|x64.Build.0 = Release|Any CPU
		{5340598E-2C9C-4AE0-BCD7-3459DF9C51C8}.Debug|Any CPU.ActiveCfg = Debug|Any CPU
		{5340598E-2C9C-4AE0-BCD7-3459DF9C51C8}.Debug|Any CPU.Build.0 = Debug|Any CPU
		{5340598E-2C9C-4AE0-BCD7-3459DF9C51C8}.Debug|x64.ActiveCfg = Debug|Any CPU
		{5340598E-2C9C-4AE0-BCD7-3459DF9C51C8}.Debug|x64.Build.0 = Debug|Any CPU
		{5340598E-2C9C-4AE0-BCD7-3459DF9C51C8}.Release|Any CPU.ActiveCfg = Release|Any CPU
		{5340598E-2C9C-4AE0-BCD7-3459DF9C51C8}.Release|Any CPU.Build.0 = Release|Any CPU
		{5340598E-2C9C-4AE0-BCD7-3459DF9C51C8}.Release|x64.ActiveCfg = Release|Any CPU
		{5340598E-2C9C-4AE0-BCD7-3459DF9C51C8}.Release|x64.Build.0 = Release|Any CPU
		{BBCF6962-5E1B-4605-A8DB-EC6CB310906F}.Debug|Any CPU.ActiveCfg = Debug|Any CPU
		{BBCF6962-5E1B-4605-A8DB-EC6CB310906F}.Debug|Any CPU.Build.0 = Debug|Any CPU
		{BBCF6962-5E1B-4605-A8DB-EC6CB310906F}.Debug|x64.ActiveCfg = Debug|Any CPU
		{BBCF6962-5E1B-4605-A8DB-EC6CB310906F}.Debug|x64.Build.0 = Debug|Any CPU
		{BBCF6962-5E1B-4605-A8DB-EC6CB310906F}.Release|Any CPU.ActiveCfg = Release|Any CPU
		{BBCF6962-5E1B-4605-A8DB-EC6CB310906F}.Release|Any CPU.Build.0 = Release|Any CPU
		{BBCF6962-5E1B-4605-A8DB-EC6CB310906F}.Release|x64.ActiveCfg = Release|Any CPU
		{BBCF6962-5E1B-4605-A8DB-EC6CB310906F}.Release|x64.Build.0 = Release|Any CPU
	EndGlobalSection
	GlobalSection(SolutionProperties) = preSolution
		HideSolutionNode = FALSE
	EndGlobalSection
	GlobalSection(ExtensibilityGlobals) = postSolution
		SolutionGuid = {B34551FB-7D10-4FDE-A1DD-30307D563081}
	EndGlobalSection
EndGlobal
